// !$*UTF8*$!
{
	archiveVersion = 1;
	classes = {
	};
	objectVersion = 46;
	objects = {

/* Begin PBXBuildFile section */
		2A6E1EF41C997A7B00A92D90 /* MyLanLanguageSelectionViewController.m in Sources */ = {isa = PBXBuildFile; fileRef = 2A6E1EEF1C997A7B00A92D90 /* MyLanLanguageSelectionViewController.m */; };
		2A6E1EF51C997A7B00A92D90 /* MyLanLoginViewController.m in Sources */ = {isa = PBXBuildFile; fileRef = 2A6E1EF11C997A7B00A92D90 /* MyLanLoginViewController.m */; };
		2A6E1EF61C997A7B00A92D90 /* MyLanSignUpViewController.m in Sources */ = {isa = PBXBuildFile; fileRef = 2A6E1EF31C997A7B00A92D90 /* MyLanSignUpViewController.m */; };
		AD3FF4601C9A8B0B00BEF96A /* MyLanTestCenterViewController.m in Sources */ = {isa = PBXBuildFile; fileRef = AD3FF45F1C9A8B0B00BEF96A /* MyLanTestCenterViewController.m */; };
		AD3FF4631C9A8B2500BEF96A /* MyLanHomeViewController.m in Sources */ = {isa = PBXBuildFile; fileRef = AD3FF4621C9A8B2500BEF96A /* MyLanHomeViewController.m */; };
		AD43CBB71C996935002F0978 /* UILabel+Boldify.m in Sources */ = {isa = PBXBuildFile; fileRef = AD43CBB61C996935002F0978 /* UILabel+Boldify.m */; };
		AD43CBBA1C998A31002F0978 /* evaluateme.json in Resources */ = {isa = PBXBuildFile; fileRef = AD43CBB91C998A31002F0978 /* evaluateme.json */; };
		AD43CBCA1C99909A002F0978 /* QuestionOption+CoreDataProperties.m in Sources */ = {isa = PBXBuildFile; fileRef = AD43CBC31C99909A002F0978 /* QuestionOption+CoreDataProperties.m */; };
		AD43CBCB1C99909A002F0978 /* QuestionOption.m in Sources */ = {isa = PBXBuildFile; fileRef = AD43CBC51C99909A002F0978 /* QuestionOption.m */; };
		AD43CBCC1C99909A002F0978 /* Question+CoreDataProperties.m in Sources */ = {isa = PBXBuildFile; fileRef = AD43CBC71C99909A002F0978 /* Question+CoreDataProperties.m */; };
		AD43CBCD1C99909A002F0978 /* Question.m in Sources */ = {isa = PBXBuildFile; fileRef = AD43CBC91C99909A002F0978 /* Question.m */; };
		AD6B923E1C980A8200451277 /* main.m in Sources */ = {isa = PBXBuildFile; fileRef = AD6B923D1C980A8200451277 /* main.m */; };
		AD6B92471C980A8200451277 /* Main.storyboard in Resources */ = {isa = PBXBuildFile; fileRef = AD6B92451C980A8200451277 /* Main.storyboard */; };
		AD6B924A1C980A8200451277 /* MyLan.xcdatamodeld in Sources */ = {isa = PBXBuildFile; fileRef = AD6B92481C980A8200451277 /* MyLan.xcdatamodeld */; };
		AD6B924C1C980A8200451277 /* Assets.xcassets in Resources */ = {isa = PBXBuildFile; fileRef = AD6B924B1C980A8200451277 /* Assets.xcassets */; };
		AD6B924F1C980A8200451277 /* LaunchScreen.storyboard in Resources */ = {isa = PBXBuildFile; fileRef = AD6B924D1C980A8200451277 /* LaunchScreen.storyboard */; };
		AD6B92581C980AF100451277 /* MyLanAppDelegate.m in Sources */ = {isa = PBXBuildFile; fileRef = AD6B92571C980AF100451277 /* MyLanAppDelegate.m */; };
		AD6B925B1C980D5600451277 /* MyLanEducateMeViewController.m in Sources */ = {isa = PBXBuildFile; fileRef = AD6B925A1C980D5600451277 /* MyLanEducateMeViewController.m */; };
		AD6B925E1C980DA000451277 /* MyLanEvaluateMeViewController.m in Sources */ = {isa = PBXBuildFile; fileRef = AD6B925D1C980DA000451277 /* MyLanEvaluateMeViewController.m */; };
		AD6B92671C980E9500451277 /* MyLanMyCommunityViewController.m in Sources */ = {isa = PBXBuildFile; fileRef = AD6B92661C980E9500451277 /* MyLanMyCommunityViewController.m */; };
		AD6B926A1C982DB800451277 /* MyLanBubbleTableViewCell.m in Sources */ = {isa = PBXBuildFile; fileRef = AD6B92691C982DB800451277 /* MyLanBubbleTableViewCell.m */; };
		AD6B92811C982E2600451277 /* Bubble-0.png in Resources */ = {isa = PBXBuildFile; fileRef = AD6B926D1C982E2600451277 /* Bubble-0.png */; };
		AD6B92821C982E2600451277 /* Bubble-0@2x.png in Resources */ = {isa = PBXBuildFile; fileRef = AD6B926E1C982E2600451277 /* Bubble-0@2x.png */; };
		AD6B92831C982E2600451277 /* Bubble-1.png in Resources */ = {isa = PBXBuildFile; fileRef = AD6B926F1C982E2600451277 /* Bubble-1.png */; };
		AD6B92841C982E2600451277 /* Bubble-1@2x.png in Resources */ = {isa = PBXBuildFile; fileRef = AD6B92701C982E2600451277 /* Bubble-1@2x.png */; };
		AD6B92851C982E2600451277 /* Bubble-2.png in Resources */ = {isa = PBXBuildFile; fileRef = AD6B92711C982E2600451277 /* Bubble-2.png */; };
		AD6B92861C982E2600451277 /* Bubble-2@2x.png in Resources */ = {isa = PBXBuildFile; fileRef = AD6B92721C982E2600451277 /* Bubble-2@2x.png */; };
		AD6B92871C982E2600451277 /* Bubble-3.png in Resources */ = {isa = PBXBuildFile; fileRef = AD6B92731C982E2600451277 /* Bubble-3.png */; };
		AD6B92881C982E2600451277 /* Bubble-3@2x.png in Resources */ = {isa = PBXBuildFile; fileRef = AD6B92741C982E2600451277 /* Bubble-3@2x.png */; };
		AD6B92891C982E2600451277 /* Bubble-4.png in Resources */ = {isa = PBXBuildFile; fileRef = AD6B92751C982E2600451277 /* Bubble-4.png */; };
		AD6B928A1C982E2600451277 /* Bubble-4@2x.png in Resources */ = {isa = PBXBuildFile; fileRef = AD6B92761C982E2600451277 /* Bubble-4@2x.png */; };
		AD6B928B1C982E2600451277 /* Bubble-5.png in Resources */ = {isa = PBXBuildFile; fileRef = AD6B92771C982E2600451277 /* Bubble-5.png */; };
		AD6B928C1C982E2600451277 /* Bubble-5@2x.png in Resources */ = {isa = PBXBuildFile; fileRef = AD6B92781C982E2600451277 /* Bubble-5@2x.png */; };
		AD6B928D1C982E2600451277 /* Bubble-6.png in Resources */ = {isa = PBXBuildFile; fileRef = AD6B92791C982E2600451277 /* Bubble-6.png */; };
		AD6B928E1C982E2600451277 /* Bubble-6@2x.png in Resources */ = {isa = PBXBuildFile; fileRef = AD6B927A1C982E2600451277 /* Bubble-6@2x.png */; };
		AD6B928F1C982E2600451277 /* Bubble-7.png in Resources */ = {isa = PBXBuildFile; fileRef = AD6B927B1C982E2600451277 /* Bubble-7.png */; };
		AD6B92901C982E2600451277 /* Bubble-7@2x.png in Resources */ = {isa = PBXBuildFile; fileRef = AD6B927C1C982E2600451277 /* Bubble-7@2x.png */; };
		AD6B92911C982E2600451277 /* Bubble-8.png in Resources */ = {isa = PBXBuildFile; fileRef = AD6B927D1C982E2600451277 /* Bubble-8.png */; };
		AD6B92921C982E2600451277 /* Bubble-8@2x.png in Resources */ = {isa = PBXBuildFile; fileRef = AD6B927E1C982E2600451277 /* Bubble-8@2x.png */; };
		AD6B92931C982E2600451277 /* Bubble-9.png in Resources */ = {isa = PBXBuildFile; fileRef = AD6B927F1C982E2600451277 /* Bubble-9.png */; };
		AD6B92941C982E2600451277 /* Bubble-9@2x.png in Resources */ = {isa = PBXBuildFile; fileRef = AD6B92801C982E2600451277 /* Bubble-9@2x.png */; };
		AD6B92971C98305800451277 /* MyLanBubbleMessage.m in Sources */ = {isa = PBXBuildFile; fileRef = AD6B92961C98305800451277 /* MyLanBubbleMessage.m */; };
		AD7BE9BE1C993C5C002F8256 /* face1.jpeg in Resources */ = {isa = PBXBuildFile; fileRef = AD7BE9B41C993C5C002F8256 /* face1.jpeg */; };
		AD7BE9BF1C993C5C002F8256 /* face10.jpeg in Resources */ = {isa = PBXBuildFile; fileRef = AD7BE9B51C993C5C002F8256 /* face10.jpeg */; };
		AD7BE9C01C993C5C002F8256 /* face2.jpeg in Resources */ = {isa = PBXBuildFile; fileRef = AD7BE9B61C993C5C002F8256 /* face2.jpeg */; };
		AD7BE9C11C993C5C002F8256 /* face3.jpeg in Resources */ = {isa = PBXBuildFile; fileRef = AD7BE9B71C993C5C002F8256 /* face3.jpeg */; };
		AD7BE9C21C993C5C002F8256 /* face4.jpeg in Resources */ = {isa = PBXBuildFile; fileRef = AD7BE9B81C993C5C002F8256 /* face4.jpeg */; };
		AD7BE9C31C993C5C002F8256 /* face5.jpeg in Resources */ = {isa = PBXBuildFile; fileRef = AD7BE9B91C993C5C002F8256 /* face5.jpeg */; };
		AD7BE9C41C993C5C002F8256 /* face6.jpeg in Resources */ = {isa = PBXBuildFile; fileRef = AD7BE9BA1C993C5C002F8256 /* face6.jpeg */; };
		AD7BE9C51C993C5C002F8256 /* face7.jpeg in Resources */ = {isa = PBXBuildFile; fileRef = AD7BE9BB1C993C5C002F8256 /* face7.jpeg */; };
		AD7BE9C61C993C5C002F8256 /* face8.jpeg in Resources */ = {isa = PBXBuildFile; fileRef = AD7BE9BC1C993C5C002F8256 /* face8.jpeg */; };
		AD7BE9C71C993C5C002F8256 /* face9.jpeg in Resources */ = {isa = PBXBuildFile; fileRef = AD7BE9BD1C993C5C002F8256 /* face9.jpeg */; };
		ADC1ECE11C98467A009E9E12 /* MyLanUtility.m in Sources */ = {isa = PBXBuildFile; fileRef = ADC1ECE01C98467A009E9E12 /* MyLanUtility.m */; };
		ADC1ECE71C985D34009E9E12 /* MyLanEvaluateTableViewCell.m in Sources */ = {isa = PBXBuildFile; fileRef = ADC1ECE61C985D34009E9E12 /* MyLanEvaluateTableViewCell.m */; };
		BA3CF8031C9D531D00447C3C /* MyLanEducateMeCellTableViewCell.m in Sources */ = {isa = PBXBuildFile; fileRef = BA3CF8021C9D531D00447C3C /* MyLanEducateMeCellTableViewCell.m */; };
		BA3CF8061C9D616700447C3C /* MyLanEducateMeDetailViewController.m in Sources */ = {isa = PBXBuildFile; fileRef = BA3CF8051C9D616700447C3C /* MyLanEducateMeDetailViewController.m */; };
/* End PBXBuildFile section */

/* Begin PBXFileReference section */
		2A6E1EEE1C997A7B00A92D90 /* MyLanLanguageSelectionViewController.h */ = {isa = PBXFileReference; fileEncoding = 4; lastKnownFileType = sourcecode.c.h; path = MyLanLanguageSelectionViewController.h; sourceTree = "<group>"; };
		2A6E1EEF1C997A7B00A92D90 /* MyLanLanguageSelectionViewController.m */ = {isa = PBXFileReference; fileEncoding = 4; lastKnownFileType = sourcecode.c.objc; path = MyLanLanguageSelectionViewController.m; sourceTree = "<group>"; };
		2A6E1EF01C997A7B00A92D90 /* MyLanLoginViewController.h */ = {isa = PBXFileReference; fileEncoding = 4; lastKnownFileType = sourcecode.c.h; path = MyLanLoginViewController.h; sourceTree = "<group>"; };
		2A6E1EF11C997A7B00A92D90 /* MyLanLoginViewController.m */ = {isa = PBXFileReference; fileEncoding = 4; lastKnownFileType = sourcecode.c.objc; path = MyLanLoginViewController.m; sourceTree = "<group>"; };
		2A6E1EF21C997A7B00A92D90 /* MyLanSignUpViewController.h */ = {isa = PBXFileReference; fileEncoding = 4; lastKnownFileType = sourcecode.c.h; path = MyLanSignUpViewController.h; sourceTree = "<group>"; };
		2A6E1EF31C997A7B00A92D90 /* MyLanSignUpViewController.m */ = {isa = PBXFileReference; fileEncoding = 4; lastKnownFileType = sourcecode.c.objc; path = MyLanSignUpViewController.m; sourceTree = "<group>"; };
		AD3FF45E1C9A8B0B00BEF96A /* MyLanTestCenterViewController.h */ = {isa = PBXFileReference; fileEncoding = 4; lastKnownFileType = sourcecode.c.h; path = MyLanTestCenterViewController.h; sourceTree = "<group>"; };
		AD3FF45F1C9A8B0B00BEF96A /* MyLanTestCenterViewController.m */ = {isa = PBXFileReference; fileEncoding = 4; lastKnownFileType = sourcecode.c.objc; path = MyLanTestCenterViewController.m; sourceTree = "<group>"; };
		AD3FF4611C9A8B2500BEF96A /* MyLanHomeViewController.h */ = {isa = PBXFileReference; fileEncoding = 4; lastKnownFileType = sourcecode.c.h; path = MyLanHomeViewController.h; sourceTree = "<group>"; };
		AD3FF4621C9A8B2500BEF96A /* MyLanHomeViewController.m */ = {isa = PBXFileReference; fileEncoding = 4; lastKnownFileType = sourcecode.c.objc; path = MyLanHomeViewController.m; sourceTree = "<group>"; };
		AD43CBB51C996935002F0978 /* UILabel+Boldify.h */ = {isa = PBXFileReference; fileEncoding = 4; lastKnownFileType = sourcecode.c.h; path = "UILabel+Boldify.h"; sourceTree = "<group>"; };
		AD43CBB61C996935002F0978 /* UILabel+Boldify.m */ = {isa = PBXFileReference; fileEncoding = 4; lastKnownFileType = sourcecode.c.objc; path = "UILabel+Boldify.m"; sourceTree = "<group>"; };
		AD43CBB91C998A31002F0978 /* evaluateme.json */ = {isa = PBXFileReference; fileEncoding = 4; lastKnownFileType = text.json; path = evaluateme.json; sourceTree = "<group>"; };
		AD43CBC21C99909A002F0978 /* QuestionOption+CoreDataProperties.h */ = {isa = PBXFileReference; fileEncoding = 4; lastKnownFileType = sourcecode.c.h; path = "QuestionOption+CoreDataProperties.h"; sourceTree = "<group>"; };
		AD43CBC31C99909A002F0978 /* QuestionOption+CoreDataProperties.m */ = {isa = PBXFileReference; fileEncoding = 4; lastKnownFileType = sourcecode.c.objc; path = "QuestionOption+CoreDataProperties.m"; sourceTree = "<group>"; };
		AD43CBC41C99909A002F0978 /* QuestionOption.h */ = {isa = PBXFileReference; fileEncoding = 4; lastKnownFileType = sourcecode.c.h; path = QuestionOption.h; sourceTree = "<group>"; };
		AD43CBC51C99909A002F0978 /* QuestionOption.m */ = {isa = PBXFileReference; fileEncoding = 4; lastKnownFileType = sourcecode.c.objc; path = QuestionOption.m; sourceTree = "<group>"; };
		AD43CBC61C99909A002F0978 /* Question+CoreDataProperties.h */ = {isa = PBXFileReference; fileEncoding = 4; lastKnownFileType = sourcecode.c.h; path = "Question+CoreDataProperties.h"; sourceTree = "<group>"; };
		AD43CBC71C99909A002F0978 /* Question+CoreDataProperties.m */ = {isa = PBXFileReference; fileEncoding = 4; lastKnownFileType = sourcecode.c.objc; path = "Question+CoreDataProperties.m"; sourceTree = "<group>"; };
		AD43CBC81C99909A002F0978 /* Question.h */ = {isa = PBXFileReference; fileEncoding = 4; lastKnownFileType = sourcecode.c.h; path = Question.h; sourceTree = "<group>"; };
		AD43CBC91C99909A002F0978 /* Question.m */ = {isa = PBXFileReference; fileEncoding = 4; lastKnownFileType = sourcecode.c.objc; path = Question.m; sourceTree = "<group>"; };
		AD6B92391C980A8200451277 /* MyLan.app */ = {isa = PBXFileReference; explicitFileType = wrapper.application; includeInIndex = 0; path = MyLan.app; sourceTree = BUILT_PRODUCTS_DIR; };
		AD6B923D1C980A8200451277 /* main.m */ = {isa = PBXFileReference; lastKnownFileType = sourcecode.c.objc; path = main.m; sourceTree = "<group>"; };
		AD6B92461C980A8200451277 /* Base */ = {isa = PBXFileReference; lastKnownFileType = file.storyboard; name = Base; path = Base.lproj/Main.storyboard; sourceTree = "<group>"; };
		AD6B92491C980A8200451277 /* MyLan.xcdatamodel */ = {isa = PBXFileReference; lastKnownFileType = wrapper.xcdatamodel; path = MyLan.xcdatamodel; sourceTree = "<group>"; };
		AD6B924B1C980A8200451277 /* Assets.xcassets */ = {isa = PBXFileReference; lastKnownFileType = folder.assetcatalog; path = Assets.xcassets; sourceTree = "<group>"; };
		AD6B924E1C980A8200451277 /* Base */ = {isa = PBXFileReference; lastKnownFileType = file.storyboard; name = Base; path = Base.lproj/LaunchScreen.storyboard; sourceTree = "<group>"; };
		AD6B92501C980A8200451277 /* Info.plist */ = {isa = PBXFileReference; lastKnownFileType = text.plist.xml; path = Info.plist; sourceTree = "<group>"; };
		AD6B92561C980AF100451277 /* MyLanAppDelegate.h */ = {isa = PBXFileReference; fileEncoding = 4; lastKnownFileType = sourcecode.c.h; path = MyLanAppDelegate.h; sourceTree = "<group>"; };
		AD6B92571C980AF100451277 /* MyLanAppDelegate.m */ = {isa = PBXFileReference; fileEncoding = 4; lastKnownFileType = sourcecode.c.objc; path = MyLanAppDelegate.m; sourceTree = "<group>"; };
		AD6B92591C980D5600451277 /* MyLanEducateMeViewController.h */ = {isa = PBXFileReference; fileEncoding = 4; lastKnownFileType = sourcecode.c.h; path = MyLanEducateMeViewController.h; sourceTree = "<group>"; };
		AD6B925A1C980D5600451277 /* MyLanEducateMeViewController.m */ = {isa = PBXFileReference; fileEncoding = 4; lastKnownFileType = sourcecode.c.objc; path = MyLanEducateMeViewController.m; sourceTree = "<group>"; };
		AD6B925C1C980DA000451277 /* MyLanEvaluateMeViewController.h */ = {isa = PBXFileReference; fileEncoding = 4; lastKnownFileType = sourcecode.c.h; path = MyLanEvaluateMeViewController.h; sourceTree = "<group>"; };
		AD6B925D1C980DA000451277 /* MyLanEvaluateMeViewController.m */ = {isa = PBXFileReference; fileEncoding = 4; lastKnownFileType = sourcecode.c.objc; path = MyLanEvaluateMeViewController.m; sourceTree = "<group>"; };
		AD6B92651C980E9500451277 /* MyLanMyCommunityViewController.h */ = {isa = PBXFileReference; fileEncoding = 4; lastKnownFileType = sourcecode.c.h; path = MyLanMyCommunityViewController.h; sourceTree = "<group>"; };
		AD6B92661C980E9500451277 /* MyLanMyCommunityViewController.m */ = {isa = PBXFileReference; fileEncoding = 4; lastKnownFileType = sourcecode.c.objc; path = MyLanMyCommunityViewController.m; sourceTree = "<group>"; };
		AD6B92681C982DB800451277 /* MyLanBubbleTableViewCell.h */ = {isa = PBXFileReference; fileEncoding = 4; lastKnownFileType = sourcecode.c.h; path = MyLanBubbleTableViewCell.h; sourceTree = "<group>"; };
		AD6B92691C982DB800451277 /* MyLanBubbleTableViewCell.m */ = {isa = PBXFileReference; fileEncoding = 4; lastKnownFileType = sourcecode.c.objc; path = MyLanBubbleTableViewCell.m; sourceTree = "<group>"; };
		AD6B926D1C982E2600451277 /* Bubble-0.png */ = {isa = PBXFileReference; lastKnownFileType = image.png; path = "Bubble-0.png"; sourceTree = "<group>"; };
		AD6B926E1C982E2600451277 /* Bubble-0@2x.png */ = {isa = PBXFileReference; lastKnownFileType = image.png; path = "Bubble-0@2x.png"; sourceTree = "<group>"; };
		AD6B926F1C982E2600451277 /* Bubble-1.png */ = {isa = PBXFileReference; lastKnownFileType = image.png; path = "Bubble-1.png"; sourceTree = "<group>"; };
		AD6B92701C982E2600451277 /* Bubble-1@2x.png */ = {isa = PBXFileReference; lastKnownFileType = image.png; path = "Bubble-1@2x.png"; sourceTree = "<group>"; };
		AD6B92711C982E2600451277 /* Bubble-2.png */ = {isa = PBXFileReference; lastKnownFileType = image.png; path = "Bubble-2.png"; sourceTree = "<group>"; };
		AD6B92721C982E2600451277 /* Bubble-2@2x.png */ = {isa = PBXFileReference; lastKnownFileType = image.png; path = "Bubble-2@2x.png"; sourceTree = "<group>"; };
		AD6B92731C982E2600451277 /* Bubble-3.png */ = {isa = PBXFileReference; lastKnownFileType = image.png; path = "Bubble-3.png"; sourceTree = "<group>"; };
		AD6B92741C982E2600451277 /* Bubble-3@2x.png */ = {isa = PBXFileReference; lastKnownFileType = image.png; path = "Bubble-3@2x.png"; sourceTree = "<group>"; };
		AD6B92751C982E2600451277 /* Bubble-4.png */ = {isa = PBXFileReference; lastKnownFileType = image.png; path = "Bubble-4.png"; sourceTree = "<group>"; };
		AD6B92761C982E2600451277 /* Bubble-4@2x.png */ = {isa = PBXFileReference; lastKnownFileType = image.png; path = "Bubble-4@2x.png"; sourceTree = "<group>"; };
		AD6B92771C982E2600451277 /* Bubble-5.png */ = {isa = PBXFileReference; lastKnownFileType = image.png; path = "Bubble-5.png"; sourceTree = "<group>"; };
		AD6B92781C982E2600451277 /* Bubble-5@2x.png */ = {isa = PBXFileReference; lastKnownFileType = image.png; path = "Bubble-5@2x.png"; sourceTree = "<group>"; };
		AD6B92791C982E2600451277 /* Bubble-6.png */ = {isa = PBXFileReference; lastKnownFileType = image.png; path = "Bubble-6.png"; sourceTree = "<group>"; };
		AD6B927A1C982E2600451277 /* Bubble-6@2x.png */ = {isa = PBXFileReference; lastKnownFileType = image.png; path = "Bubble-6@2x.png"; sourceTree = "<group>"; };
		AD6B927B1C982E2600451277 /* Bubble-7.png */ = {isa = PBXFileReference; lastKnownFileType = image.png; path = "Bubble-7.png"; sourceTree = "<group>"; };
		AD6B927C1C982E2600451277 /* Bubble-7@2x.png */ = {isa = PBXFileReference; lastKnownFileType = image.png; path = "Bubble-7@2x.png"; sourceTree = "<group>"; };
		AD6B927D1C982E2600451277 /* Bubble-8.png */ = {isa = PBXFileReference; lastKnownFileType = image.png; path = "Bubble-8.png"; sourceTree = "<group>"; };
		AD6B927E1C982E2600451277 /* Bubble-8@2x.png */ = {isa = PBXFileReference; lastKnownFileType = image.png; path = "Bubble-8@2x.png"; sourceTree = "<group>"; };
		AD6B927F1C982E2600451277 /* Bubble-9.png */ = {isa = PBXFileReference; lastKnownFileType = image.png; path = "Bubble-9.png"; sourceTree = "<group>"; };
		AD6B92801C982E2600451277 /* Bubble-9@2x.png */ = {isa = PBXFileReference; lastKnownFileType = image.png; path = "Bubble-9@2x.png"; sourceTree = "<group>"; };
		AD6B92951C98305800451277 /* MyLanBubbleMessage.h */ = {isa = PBXFileReference; fileEncoding = 4; lastKnownFileType = sourcecode.c.h; path = MyLanBubbleMessage.h; sourceTree = "<group>"; };
		AD6B92961C98305800451277 /* MyLanBubbleMessage.m */ = {isa = PBXFileReference; fileEncoding = 4; lastKnownFileType = sourcecode.c.objc; path = MyLanBubbleMessage.m; sourceTree = "<group>"; };
		AD7BE9B41C993C5C002F8256 /* face1.jpeg */ = {isa = PBXFileReference; lastKnownFileType = image.jpeg; path = face1.jpeg; sourceTree = "<group>"; };
		AD7BE9B51C993C5C002F8256 /* face10.jpeg */ = {isa = PBXFileReference; lastKnownFileType = image.jpeg; path = face10.jpeg; sourceTree = "<group>"; };
		AD7BE9B61C993C5C002F8256 /* face2.jpeg */ = {isa = PBXFileReference; lastKnownFileType = image.jpeg; path = face2.jpeg; sourceTree = "<group>"; };
		AD7BE9B71C993C5C002F8256 /* face3.jpeg */ = {isa = PBXFileReference; lastKnownFileType = image.jpeg; path = face3.jpeg; sourceTree = "<group>"; };
		AD7BE9B81C993C5C002F8256 /* face4.jpeg */ = {isa = PBXFileReference; lastKnownFileType = image.jpeg; path = face4.jpeg; sourceTree = "<group>"; };
		AD7BE9B91C993C5C002F8256 /* face5.jpeg */ = {isa = PBXFileReference; lastKnownFileType = image.jpeg; path = face5.jpeg; sourceTree = "<group>"; };
		AD7BE9BA1C993C5C002F8256 /* face6.jpeg */ = {isa = PBXFileReference; lastKnownFileType = image.jpeg; path = face6.jpeg; sourceTree = "<group>"; };
		AD7BE9BB1C993C5C002F8256 /* face7.jpeg */ = {isa = PBXFileReference; lastKnownFileType = image.jpeg; path = face7.jpeg; sourceTree = "<group>"; };
		AD7BE9BC1C993C5C002F8256 /* face8.jpeg */ = {isa = PBXFileReference; lastKnownFileType = image.jpeg; path = face8.jpeg; sourceTree = "<group>"; };
		AD7BE9BD1C993C5C002F8256 /* face9.jpeg */ = {isa = PBXFileReference; lastKnownFileType = image.jpeg; path = face9.jpeg; sourceTree = "<group>"; };
		ADC1ECDF1C98467A009E9E12 /* MyLanUtility.h */ = {isa = PBXFileReference; fileEncoding = 4; lastKnownFileType = sourcecode.c.h; path = MyLanUtility.h; sourceTree = "<group>"; };
		ADC1ECE01C98467A009E9E12 /* MyLanUtility.m */ = {isa = PBXFileReference; fileEncoding = 4; lastKnownFileType = sourcecode.c.objc; path = MyLanUtility.m; sourceTree = "<group>"; };
		ADC1ECE51C985D34009E9E12 /* MyLanEvaluateTableViewCell.h */ = {isa = PBXFileReference; fileEncoding = 4; lastKnownFileType = sourcecode.c.h; path = MyLanEvaluateTableViewCell.h; sourceTree = "<group>"; };
		ADC1ECE61C985D34009E9E12 /* MyLanEvaluateTableViewCell.m */ = {isa = PBXFileReference; fileEncoding = 4; lastKnownFileType = sourcecode.c.objc; path = MyLanEvaluateTableViewCell.m; sourceTree = "<group>"; };
		BA3CF8011C9D531D00447C3C /* MyLanEducateMeCellTableViewCell.h */ = {isa = PBXFileReference; fileEncoding = 4; lastKnownFileType = sourcecode.c.h; path = MyLanEducateMeCellTableViewCell.h; sourceTree = "<group>"; };
		BA3CF8021C9D531D00447C3C /* MyLanEducateMeCellTableViewCell.m */ = {isa = PBXFileReference; fileEncoding = 4; lastKnownFileType = sourcecode.c.objc; path = MyLanEducateMeCellTableViewCell.m; sourceTree = "<group>"; };
		BA3CF8041C9D616700447C3C /* MyLanEducateMeDetailViewController.h */ = {isa = PBXFileReference; fileEncoding = 4; lastKnownFileType = sourcecode.c.h; path = MyLanEducateMeDetailViewController.h; sourceTree = "<group>"; };
		BA3CF8051C9D616700447C3C /* MyLanEducateMeDetailViewController.m */ = {isa = PBXFileReference; fileEncoding = 4; lastKnownFileType = sourcecode.c.objc; path = MyLanEducateMeDetailViewController.m; sourceTree = "<group>"; };
/* End PBXFileReference section */

/* Begin PBXFrameworksBuildPhase section */
		AD6B92361C980A8200451277 /* Frameworks */ = {
			isa = PBXFrameworksBuildPhase;
			buildActionMask = 2147483647;
			files = (
			);
			runOnlyForDeploymentPostprocessing = 0;
		};
/* End PBXFrameworksBuildPhase section */

/* Begin PBXGroup section */
		AD3FF4571C9A8A2A00BEF96A /* Login Module */ = {
			isa = PBXGroup;
			children = (
				2A6E1EEE1C997A7B00A92D90 /* MyLanLanguageSelectionViewController.h */,
				2A6E1EEF1C997A7B00A92D90 /* MyLanLanguageSelectionViewController.m */,
				2A6E1EF01C997A7B00A92D90 /* MyLanLoginViewController.h */,
				2A6E1EF11C997A7B00A92D90 /* MyLanLoginViewController.m */,
				2A6E1EF21C997A7B00A92D90 /* MyLanSignUpViewController.h */,
				2A6E1EF31C997A7B00A92D90 /* MyLanSignUpViewController.m */,
			);
			name = "Login Module";
			sourceTree = "<group>";
		};
		AD3FF4581C9A8A4500BEF96A /* Educate ME Module */ = {
			isa = PBXGroup;
			children = (
				AD6B92591C980D5600451277 /* MyLanEducateMeViewController.h */,
				AD6B925A1C980D5600451277 /* MyLanEducateMeViewController.m */,
				BA3CF8011C9D531D00447C3C /* MyLanEducateMeCellTableViewCell.h */,
				BA3CF8021C9D531D00447C3C /* MyLanEducateMeCellTableViewCell.m */,
				BA3CF8041C9D616700447C3C /* MyLanEducateMeDetailViewController.h */,
				BA3CF8051C9D616700447C3C /* MyLanEducateMeDetailViewController.m */,
			);
			name = "Educate ME Module";
			sourceTree = "<group>";
		};
		AD3FF4591C9A8A6700BEF96A /* Evaluate Me Module */ = {
			isa = PBXGroup;
			children = (
				AD6B925C1C980DA000451277 /* MyLanEvaluateMeViewController.h */,
				AD6B925D1C980DA000451277 /* MyLanEvaluateMeViewController.m */,
				ADC1ECE51C985D34009E9E12 /* MyLanEvaluateTableViewCell.h */,
				ADC1ECE61C985D34009E9E12 /* MyLanEvaluateTableViewCell.m */,
			);
			name = "Evaluate Me Module";
			sourceTree = "<group>";
		};
		AD3FF45A1C9A8A8600BEF96A /* My Community Module */ = {
			isa = PBXGroup;
			children = (
				AD6B92651C980E9500451277 /* MyLanMyCommunityViewController.h */,
				AD6B92661C980E9500451277 /* MyLanMyCommunityViewController.m */,
				AD6B92681C982DB800451277 /* MyLanBubbleTableViewCell.h */,
				AD6B92691C982DB800451277 /* MyLanBubbleTableViewCell.m */,
				AD6B92951C98305800451277 /* MyLanBubbleMessage.h */,
				AD6B92961C98305800451277 /* MyLanBubbleMessage.m */,
			);
			name = "My Community Module";
			sourceTree = "<group>";
		};
		AD3FF45B1C9A8AAF00BEF96A /* Common */ = {
			isa = PBXGroup;
			children = (
				AD6B92561C980AF100451277 /* MyLanAppDelegate.h */,
				AD6B92571C980AF100451277 /* MyLanAppDelegate.m */,
				AD43CBB51C996935002F0978 /* UILabel+Boldify.h */,
				AD43CBB61C996935002F0978 /* UILabel+Boldify.m */,
				ADC1ECDF1C98467A009E9E12 /* MyLanUtility.h */,
				ADC1ECE01C98467A009E9E12 /* MyLanUtility.m */,
			);
			name = Common;
			sourceTree = "<group>";
		};
		AD3FF45C1C9A8ACE00BEF96A /* Test Center Module */ = {
			isa = PBXGroup;
			children = (
				AD3FF45E1C9A8B0B00BEF96A /* MyLanTestCenterViewController.h */,
				AD3FF45F1C9A8B0B00BEF96A /* MyLanTestCenterViewController.m */,
			);
			name = "Test Center Module";
			sourceTree = "<group>";
		};
		AD3FF45D1C9A8ADC00BEF96A /* Home Module */ = {
			isa = PBXGroup;
			children = (
				AD3FF4611C9A8B2500BEF96A /* MyLanHomeViewController.h */,
				AD3FF4621C9A8B2500BEF96A /* MyLanHomeViewController.m */,
			);
			name = "Home Module";
			sourceTree = "<group>";
		};
		AD43CBB81C998A31002F0978 /* JSON */ = {
			isa = PBXGroup;
			children = (
				AD43CBB91C998A31002F0978 /* evaluateme.json */,
			);
			path = JSON;
			sourceTree = "<group>";
		};
		AD43CBC11C99904B002F0978 /* CoreDataClass */ = {
			isa = PBXGroup;
			children = (
				AD43CBC21C99909A002F0978 /* QuestionOption+CoreDataProperties.h */,
				AD43CBC31C99909A002F0978 /* QuestionOption+CoreDataProperties.m */,
				AD43CBC41C99909A002F0978 /* QuestionOption.h */,
				AD43CBC51C99909A002F0978 /* QuestionOption.m */,
				AD43CBC61C99909A002F0978 /* Question+CoreDataProperties.h */,
				AD43CBC71C99909A002F0978 /* Question+CoreDataProperties.m */,
				AD43CBC81C99909A002F0978 /* Question.h */,
				AD43CBC91C99909A002F0978 /* Question.m */,
			);
			name = CoreDataClass;
			sourceTree = "<group>";
		};
		AD6B92301C980A8200451277 = {
			isa = PBXGroup;
			children = (
				AD6B923B1C980A8200451277 /* MyLan */,
				AD6B923A1C980A8200451277 /* Products */,
			);
			sourceTree = "<group>";
		};
		AD6B923A1C980A8200451277 /* Products */ = {
			isa = PBXGroup;
			children = (
				AD6B92391C980A8200451277 /* MyLan.app */,
			);
			name = Products;
			sourceTree = "<group>";
		};
		AD6B923B1C980A8200451277 /* MyLan */ = {
			isa = PBXGroup;
			children = (
				AD3FF45B1C9A8AAF00BEF96A /* Common */,
				AD3FF4581C9A8A4500BEF96A /* Educate ME Module */,
				AD3FF4591C9A8A6700BEF96A /* Evaluate Me Module */,
				AD3FF45A1C9A8A8600BEF96A /* My Community Module */,
				AD3FF45C1C9A8ACE00BEF96A /* Test Center Module */,
				AD3FF45D1C9A8ADC00BEF96A /* Home Module */,
				AD3FF4571C9A8A2A00BEF96A /* Login Module */,
				AD43CBB81C998A31002F0978 /* JSON */,
				AD6B926B1C982E2600451277 /* Images */,
				AD6B92451C980A8200451277 /* Main.storyboard */,
				AD6B924B1C980A8200451277 /* Assets.xcassets */,
				AD6B924D1C980A8200451277 /* LaunchScreen.storyboard */,
				AD6B92501C980A8200451277 /* Info.plist */,
				AD6B92481C980A8200451277 /* MyLan.xcdatamodeld */,
				AD43CBC11C99904B002F0978 /* CoreDataClass */,
				AD6B923C1C980A8200451277 /* Supporting Files */,
			);
			path = MyLan;
			sourceTree = "<group>";
		};
		AD6B923C1C980A8200451277 /* Supporting Files */ = {
			isa = PBXGroup;
			children = (
				AD6B923D1C980A8200451277 /* main.m */,
			);
			name = "Supporting Files";
			sourceTree = "<group>";
		};
		AD6B926B1C982E2600451277 /* Images */ = {
			isa = PBXGroup;
			children = (
				AD7BE9871C993422002F8256 /* Images */,
				AD6B926C1C982E2600451277 /* Bubble_Images */,
			);
			path = Images;
			sourceTree = "<group>";
		};
		AD6B926C1C982E2600451277 /* Bubble_Images */ = {
			isa = PBXGroup;
			children = (
				AD6B926D1C982E2600451277 /* Bubble-0.png */,
				AD6B926E1C982E2600451277 /* Bubble-0@2x.png */,
				AD6B926F1C982E2600451277 /* Bubble-1.png */,
				AD6B92701C982E2600451277 /* Bubble-1@2x.png */,
				AD6B92711C982E2600451277 /* Bubble-2.png */,
				AD6B92721C982E2600451277 /* Bubble-2@2x.png */,
				AD6B92731C982E2600451277 /* Bubble-3.png */,
				AD6B92741C982E2600451277 /* Bubble-3@2x.png */,
				AD6B92751C982E2600451277 /* Bubble-4.png */,
				AD6B92761C982E2600451277 /* Bubble-4@2x.png */,
				AD6B92771C982E2600451277 /* Bubble-5.png */,
				AD6B92781C982E2600451277 /* Bubble-5@2x.png */,
				AD6B92791C982E2600451277 /* Bubble-6.png */,
				AD6B927A1C982E2600451277 /* Bubble-6@2x.png */,
				AD6B927B1C982E2600451277 /* Bubble-7.png */,
				AD6B927C1C982E2600451277 /* Bubble-7@2x.png */,
				AD6B927D1C982E2600451277 /* Bubble-8.png */,
				AD6B927E1C982E2600451277 /* Bubble-8@2x.png */,
				AD6B927F1C982E2600451277 /* Bubble-9.png */,
				AD6B92801C982E2600451277 /* Bubble-9@2x.png */,
			);
			path = Bubble_Images;
			sourceTree = "<group>";
		};
		AD7BE9871C993422002F8256 /* Images */ = {
			isa = PBXGroup;
			children = (
				AD7BE9B31C993C5C002F8256 /* face */,
			);
			name = Images;
			sourceTree = "<group>";
		};
		AD7BE9B31C993C5C002F8256 /* face */ = {
			isa = PBXGroup;
			children = (
				AD7BE9B41C993C5C002F8256 /* face1.jpeg */,
				AD7BE9B51C993C5C002F8256 /* face10.jpeg */,
				AD7BE9B61C993C5C002F8256 /* face2.jpeg */,
				AD7BE9B71C993C5C002F8256 /* face3.jpeg */,
				AD7BE9B81C993C5C002F8256 /* face4.jpeg */,
				AD7BE9B91C993C5C002F8256 /* face5.jpeg */,
				AD7BE9BA1C993C5C002F8256 /* face6.jpeg */,
				AD7BE9BB1C993C5C002F8256 /* face7.jpeg */,
				AD7BE9BC1C993C5C002F8256 /* face8.jpeg */,
				AD7BE9BD1C993C5C002F8256 /* face9.jpeg */,
			);
			path = face;
			sourceTree = "<group>";
		};
/* End PBXGroup section */

/* Begin PBXNativeTarget section */
		AD6B92381C980A8200451277 /* MyLan */ = {
			isa = PBXNativeTarget;
			buildConfigurationList = AD6B92531C980A8200451277 /* Build configuration list for PBXNativeTarget "MyLan" */;
			buildPhases = (
				AD6B92351C980A8200451277 /* Sources */,
				AD6B92361C980A8200451277 /* Frameworks */,
				AD6B92371C980A8200451277 /* Resources */,
			);
			buildRules = (
			);
			dependencies = (
			);
			name = MyLan;
			productName = MyLan;
			productReference = AD6B92391C980A8200451277 /* MyLan.app */;
			productType = "com.apple.product-type.application";
		};
/* End PBXNativeTarget section */

/* Begin PBXProject section */
		AD6B92311C980A8200451277 /* Project object */ = {
			isa = PBXProject;
			attributes = {
				LastUpgradeCheck = 0720;
				ORGANIZATIONNAME = CTS;
				TargetAttributes = {
					AD6B92381C980A8200451277 = {
						CreatedOnToolsVersion = 7.2;
					};
				};
			};
			buildConfigurationList = AD6B92341C980A8200451277 /* Build configuration list for PBXProject "MyLan" */;
			compatibilityVersion = "Xcode 3.2";
			developmentRegion = English;
			hasScannedForEncodings = 0;
			knownRegions = (
				en,
				Base,
			);
			mainGroup = AD6B92301C980A8200451277;
			productRefGroup = AD6B923A1C980A8200451277 /* Products */;
			projectDirPath = "";
			projectRoot = "";
			targets = (
				AD6B92381C980A8200451277 /* MyLan */,
			);
		};
/* End PBXProject section */

/* Begin PBXResourcesBuildPhase section */
		AD6B92371C980A8200451277 /* Resources */ = {
			isa = PBXResourcesBuildPhase;
			buildActionMask = 2147483647;
			files = (
				AD6B92911C982E2600451277 /* Bubble-8.png in Resources */,
				AD6B928C1C982E2600451277 /* Bubble-5@2x.png in Resources */,
				AD6B92821C982E2600451277 /* Bubble-0@2x.png in Resources */,
				AD7BE9C41C993C5C002F8256 /* face6.jpeg in Resources */,
				AD6B92881C982E2600451277 /* Bubble-3@2x.png in Resources */,
				AD7BE9C61C993C5C002F8256 /* face8.jpeg in Resources */,
				AD7BE9BF1C993C5C002F8256 /* face10.jpeg in Resources */,
				AD7BE9C31C993C5C002F8256 /* face5.jpeg in Resources */,
				AD7BE9C01C993C5C002F8256 /* face2.jpeg in Resources */,
				AD6B92811C982E2600451277 /* Bubble-0.png in Resources */,
				AD6B928B1C982E2600451277 /* Bubble-5.png in Resources */,
				AD6B928A1C982E2600451277 /* Bubble-4@2x.png in Resources */,
				AD6B92931C982E2600451277 /* Bubble-9.png in Resources */,
				AD6B92851C982E2600451277 /* Bubble-2.png in Resources */,
				AD6B92941C982E2600451277 /* Bubble-9@2x.png in Resources */,
				AD6B92861C982E2600451277 /* Bubble-2@2x.png in Resources */,
				AD7BE9C21C993C5C002F8256 /* face4.jpeg in Resources */,
				AD43CBBA1C998A31002F0978 /* evaluateme.json in Resources */,
				AD6B924F1C980A8200451277 /* LaunchScreen.storyboard in Resources */,
				AD6B92871C982E2600451277 /* Bubble-3.png in Resources */,
				AD6B924C1C980A8200451277 /* Assets.xcassets in Resources */,
				AD6B928F1C982E2600451277 /* Bubble-7.png in Resources */,
				AD7BE9C51C993C5C002F8256 /* face7.jpeg in Resources */,
				AD6B92891C982E2600451277 /* Bubble-4.png in Resources */,
				AD6B92841C982E2600451277 /* Bubble-1@2x.png in Resources */,
				AD6B92901C982E2600451277 /* Bubble-7@2x.png in Resources */,
				AD6B92471C980A8200451277 /* Main.storyboard in Resources */,
				AD7BE9C11C993C5C002F8256 /* face3.jpeg in Resources */,
				AD6B928D1C982E2600451277 /* Bubble-6.png in Resources */,
				AD6B92921C982E2600451277 /* Bubble-8@2x.png in Resources */,
				AD6B928E1C982E2600451277 /* Bubble-6@2x.png in Resources */,
				AD7BE9C71C993C5C002F8256 /* face9.jpeg in Resources */,
				AD7BE9BE1C993C5C002F8256 /* face1.jpeg in Resources */,
				AD6B92831C982E2600451277 /* Bubble-1.png in Resources */,
			);
			runOnlyForDeploymentPostprocessing = 0;
		};
/* End PBXResourcesBuildPhase section */

/* Begin PBXSourcesBuildPhase section */
		AD6B92351C980A8200451277 /* Sources */ = {
			isa = PBXSourcesBuildPhase;
			buildActionMask = 2147483647;
			files = (
				AD43CBCD1C99909A002F0978 /* Question.m in Sources */,
				AD43CBCC1C99909A002F0978 /* Question+CoreDataProperties.m in Sources */,
				AD43CBCB1C99909A002F0978 /* QuestionOption.m in Sources */,
				AD6B92581C980AF100451277 /* MyLanAppDelegate.m in Sources */,
				ADC1ECE71C985D34009E9E12 /* MyLanEvaluateTableViewCell.m in Sources */,
				AD6B92671C980E9500451277 /* MyLanMyCommunityViewController.m in Sources */,
				AD6B923E1C980A8200451277 /* main.m in Sources */,
				ADC1ECE11C98467A009E9E12 /* MyLanUtility.m in Sources */,
				AD6B926A1C982DB800451277 /* MyLanBubbleTableViewCell.m in Sources */,
				BA3CF8061C9D616700447C3C /* MyLanEducateMeDetailViewController.m in Sources */,
				AD6B924A1C980A8200451277 /* MyLan.xcdatamodeld in Sources */,
				AD6B92971C98305800451277 /* MyLanBubbleMessage.m in Sources */,
				2A6E1EF41C997A7B00A92D90 /* MyLanLanguageSelectionViewController.m in Sources */,
				AD6B925B1C980D5600451277 /* MyLanEducateMeViewController.m in Sources */,
				AD3FF4601C9A8B0B00BEF96A /* MyLanTestCenterViewController.m in Sources */,
				AD43CBB71C996935002F0978 /* UILabel+Boldify.m in Sources */,
				2A6E1EF61C997A7B00A92D90 /* MyLanSignUpViewController.m in Sources */,
				2A6E1EF51C997A7B00A92D90 /* MyLanLoginViewController.m in Sources */,
				AD3FF4631C9A8B2500BEF96A /* MyLanHomeViewController.m in Sources */,
				AD43CBCA1C99909A002F0978 /* QuestionOption+CoreDataProperties.m in Sources */,
				AD6B925E1C980DA000451277 /* MyLanEvaluateMeViewController.m in Sources */,
				BA3CF8031C9D531D00447C3C /* MyLanEducateMeCellTableViewCell.m in Sources */,
			);
			runOnlyForDeploymentPostprocessing = 0;
		};
/* End PBXSourcesBuildPhase section */

/* Begin PBXVariantGroup section */
		AD6B92451C980A8200451277 /* Main.storyboard */ = {
			isa = PBXVariantGroup;
			children = (
				AD6B92461C980A8200451277 /* Base */,
			);
			name = Main.storyboard;
			sourceTree = "<group>";
		};
		AD6B924D1C980A8200451277 /* LaunchScreen.storyboard */ = {
			isa = PBXVariantGroup;
			children = (
				AD6B924E1C980A8200451277 /* Base */,
			);
			name = LaunchScreen.storyboard;
			sourceTree = "<group>";
		};
/* End PBXVariantGroup section */

/* Begin XCBuildConfiguration section */
		AD6B92511C980A8200451277 /* Debug */ = {
			isa = XCBuildConfiguration;
			buildSettings = {
				ALWAYS_SEARCH_USER_PATHS = NO;
				CLANG_CXX_LANGUAGE_STANDARD = "gnu++0x";
				CLANG_CXX_LIBRARY = "libc++";
				CLANG_ENABLE_MODULES = YES;
				CLANG_ENABLE_OBJC_ARC = YES;
				CLANG_WARN_BOOL_CONVERSION = YES;
				CLANG_WARN_CONSTANT_CONVERSION = YES;
				CLANG_WARN_DIRECT_OBJC_ISA_USAGE = YES_ERROR;
				CLANG_WARN_EMPTY_BODY = YES;
				CLANG_WARN_ENUM_CONVERSION = YES;
				CLANG_WARN_INT_CONVERSION = YES;
				CLANG_WARN_OBJC_ROOT_CLASS = YES_ERROR;
				CLANG_WARN_UNREACHABLE_CODE = YES;
				CLANG_WARN__DUPLICATE_METHOD_MATCH = YES;
				"CODE_SIGN_IDENTITY[sdk=iphoneos*]" = "iPhone Developer";
				COPY_PHASE_STRIP = NO;
				DEBUG_INFORMATION_FORMAT = dwarf;
				ENABLE_STRICT_OBJC_MSGSEND = YES;
				ENABLE_TESTABILITY = YES;
				GCC_C_LANGUAGE_STANDARD = gnu99;
				GCC_DYNAMIC_NO_PIC = NO;
				GCC_NO_COMMON_BLOCKS = YES;
				GCC_OPTIMIZATION_LEVEL = 0;
				GCC_PREPROCESSOR_DEFINITIONS = (
					"DEBUG=1",
					"$(inherited)",
				);
				GCC_WARN_64_TO_32_BIT_CONVERSION = YES;
				GCC_WARN_ABOUT_RETURN_TYPE = YES_ERROR;
				GCC_WARN_UNDECLARED_SELECTOR = YES;
				GCC_WARN_UNINITIALIZED_AUTOS = YES_AGGRESSIVE;
				GCC_WARN_UNUSED_FUNCTION = YES;
				GCC_WARN_UNUSED_VARIABLE = YES;
				IPHONEOS_DEPLOYMENT_TARGET = 9.2;
				MTL_ENABLE_DEBUG_INFO = YES;
				ONLY_ACTIVE_ARCH = YES;
				SDKROOT = iphoneos;
				TARGETED_DEVICE_FAMILY = "1,2";
			};
			name = Debug;
		};
		AD6B92521C980A8200451277 /* Release */ = {
			isa = XCBuildConfiguration;
			buildSettings = {
				ALWAYS_SEARCH_USER_PATHS = NO;
				CLANG_CXX_LANGUAGE_STANDARD = "gnu++0x";
				CLANG_CXX_LIBRARY = "libc++";
				CLANG_ENABLE_MODULES = YES;
				CLANG_ENABLE_OBJC_ARC = YES;
				CLANG_WARN_BOOL_CONVERSION = YES;
				CLANG_WARN_CONSTANT_CONVERSION = YES;
				CLANG_WARN_DIRECT_OBJC_ISA_USAGE = YES_ERROR;
				CLANG_WARN_EMPTY_BODY = YES;
				CLANG_WARN_ENUM_CONVERSION = YES;
				CLANG_WARN_INT_CONVERSION = YES;
				CLANG_WARN_OBJC_ROOT_CLASS = YES_ERROR;
				CLANG_WARN_UNREACHABLE_CODE = YES;
				CLANG_WARN__DUPLICATE_METHOD_MATCH = YES;
				"CODE_SIGN_IDENTITY[sdk=iphoneos*]" = "iPhone Developer";
				COPY_PHASE_STRIP = NO;
				DEBUG_INFORMATION_FORMAT = "dwarf-with-dsym";
				ENABLE_NS_ASSERTIONS = NO;
				ENABLE_STRICT_OBJC_MSGSEND = YES;
				GCC_C_LANGUAGE_STANDARD = gnu99;
				GCC_NO_COMMON_BLOCKS = YES;
				GCC_WARN_64_TO_32_BIT_CONVERSION = YES;
				GCC_WARN_ABOUT_RETURN_TYPE = YES_ERROR;
				GCC_WARN_UNDECLARED_SELECTOR = YES;
				GCC_WARN_UNINITIALIZED_AUTOS = YES_AGGRESSIVE;
				GCC_WARN_UNUSED_FUNCTION = YES;
				GCC_WARN_UNUSED_VARIABLE = YES;
				IPHONEOS_DEPLOYMENT_TARGET = 9.2;
				MTL_ENABLE_DEBUG_INFO = NO;
				SDKROOT = iphoneos;
				TARGETED_DEVICE_FAMILY = "1,2";
				VALIDATE_PRODUCT = YES;
			};
			name = Release;
		};
		AD6B92541C980A8200451277 /* Debug */ = {
			isa = XCBuildConfiguration;
			buildSettings = {
				ASSETCATALOG_COMPILER_APPICON_NAME = AppIcon;
				INFOPLIST_FILE = MyLan/Info.plist;
				LD_RUNPATH_SEARCH_PATHS = "$(inherited) @executable_path/Frameworks";
				PRODUCT_BUNDLE_IDENTIFIER = com.cts.MyLan;
				PRODUCT_NAME = "$(TARGET_NAME)";
			};
			name = Debug;
		};
		AD6B92551C980A8200451277 /* Release */ = {
			isa = XCBuildConfiguration;
			buildSettings = {
				ASSETCATALOG_COMPILER_APPICON_NAME = AppIcon;
				INFOPLIST_FILE = MyLan/Info.plist;
				LD_RUNPATH_SEARCH_PATHS = "$(inherited) @executable_path/Frameworks";
				PRODUCT_BUNDLE_IDENTIFIER = com.cts.MyLan;
				PRODUCT_NAME = "$(TARGET_NAME)";
			};
			name = Release;
		};
/* End XCBuildConfiguration section */

/* Begin XCConfigurationList section */
		AD6B92341C980A8200451277 /* Build configuration list for PBXProject "MyLan" */ = {
			isa = XCConfigurationList;
			buildConfigurations = (
				AD6B92511C980A8200451277 /* Debug */,
				AD6B92521C980A8200451277 /* Release */,
			);
			defaultConfigurationIsVisible = 0;
			defaultConfigurationName = Release;
		};
		AD6B92531C980A8200451277 /* Build configuration list for PBXNativeTarget "MyLan" */ = {
			isa = XCConfigurationList;
			buildConfigurations = (
				AD6B92541C980A8200451277 /* Debug */,
				AD6B92551C980A8200451277 /* Release */,
			);
			defaultConfigurationIsVisible = 0;
			defaultConfigurationName = Release;
		};
/* End XCConfigurationList section */

/* Begin XCVersionGroup section */
		AD6B92481C980A8200451277 /* MyLan.xcdatamodeld */ = {
			isa = XCVersionGroup;
			children = (
				AD6B92491C980A8200451277 /* MyLan.xcdatamodel */,
			);
			currentVersion = AD6B92491C980A8200451277 /* MyLan.xcdatamodel */;
			path = MyLan.xcdatamodeld;
			sourceTree = "<group>";
			versionGroupType = wrapper.xcdatamodel;
		};
/* End XCVersionGroup section */
	};
	rootObject = AD6B92311C980A8200451277 /* Project object */;
}
